{"is_source_file": false, "format": "", "description": "", "external_files": [], "external_methods": [], "published": [], "classes": [], "methods": [], "calls": [], "search-terms": [], "state": 2, "file_id": 18, "knowledge_revision": 37, "git_revision": "13f7257132f88e09fe5395cef057d018a1e98229", "filename": "/home/kavia/workspace/code-generation/reactauthprofile-17976-e57b14aa/reactauthprofile/post_process_status.lock", "hash": "e9b4c3b42cef0193b7fddb548d37e652", "format-version": 4, "code-base-name": "default", "revision_history": [{"37": "13f7257132f88e09fe5395cef057d018a1e98229"}]}